
Microsoft Visual Studio Solution File, Format Version 12.00
# Visual Studio Version 16
VisualStudioVersion = 16.0.28803.202
MinimumVisualStudioVersion = 10.0.40219.1
Project("{FAE04EC0-301F-11D3-BF4B-00C04F79EFBC}") = "35.PassFailRChuIII", "35.PassFailRChuIII\35.PassFailRChuIII.csproj", "{A42B6127-FA83-4E94-B029-5478B5A1144A}"
EndProject
Global
	GlobalSection(SolutionConfigurationPlatforms) = preSolution
		Debug|Any CPU = Debug|Any CPU
		Release|Any CPU = Release|Any CPU
	EndGlobalSection
	GlobalSection(ProjectConfigurationPlatforms) = postSolution
		{A42B6127-FA83-4E94-B029-5478B5A1144A}.Debug|Any CPU.ActiveCfg = Debug|Any CPU
		{A42B6127-FA83-4E94-B029-5478B5A1144A}.Debug|Any CPU.Build.0 = Debug|Any CPU
		{A42B6127-FA83-4E94-B029-5478B5A1144A}.Release|Any CPU.ActiveCfg = Release|Any CPU
		{A42B6127-FA83-4E94-B029-5478B5A1144A}.Release|Any CPU.Build.0 = Release|Any CPU
	EndGlobalSection
	GlobalSection(SolutionProperties) = preSolution
		HideSolutionNode = FALSE
	EndGlobalSection
	GlobalSection(ExtensibilityGlobals) = postSolution
		SolutionGuid = {08765395-8C85-4153-BA23-8EB988DD539F}
	EndGlobalSection
EndGlobal
