
Microsoft Visual Studio Solution File, Format Version 12.00
# Visual Studio Version 16
VisualStudioVersion = 16.0.28803.202
MinimumVisualStudioVersion = 10.0.40219.1
Project("{FAE04EC0-301F-11D3-BF4B-00C04F79EFBC}") = "34.2DArraysRChuIII", "34.2DArraysRChuIII\34.2DArraysRChuIII.csproj", "{D580DA99-03B0-4C37-9B1F-773E16181506}"
EndProject
Global
	GlobalSection(SolutionConfigurationPlatforms) = preSolution
		Debug|Any CPU = Debug|Any CPU
		Release|Any CPU = Release|Any CPU
	EndGlobalSection
	GlobalSection(ProjectConfigurationPlatforms) = postSolution
		{D580DA99-03B0-4C37-9B1F-773E16181506}.Debug|Any CPU.ActiveCfg = Debug|Any CPU
		{D580DA99-03B0-4C37-9B1F-773E16181506}.Debug|Any CPU.Build.0 = Debug|Any CPU
		{D580DA99-03B0-4C37-9B1F-773E16181506}.Release|Any CPU.ActiveCfg = Release|Any CPU
		{D580DA99-03B0-4C37-9B1F-773E16181506}.Release|Any CPU.Build.0 = Release|Any CPU
	EndGlobalSection
	GlobalSection(SolutionProperties) = preSolution
		HideSolutionNode = FALSE
	EndGlobalSection
	GlobalSection(ExtensibilityGlobals) = postSolution
		SolutionGuid = {B98BF91D-1ED3-4BB1-9FBD-2F4A7DF87E61}
	EndGlobalSection
EndGlobal
